
Microsoft Visual Studio Solution File, Format Version 12.00
# Visual Studio Version 16
VisualStudioVersion = 16.0.29519.87
MinimumVisualStudioVersion = 10.0.40219.1
Project("{9A19103F-16F7-4668-BE54-9A1E7A4F7556}") = "HijaziLabs.Basketball2.API", "HijaziLabs.Basketball2.API\HijaziLabs.Basketball2.API.csproj", "{81562205-97B6-4AC6-B544-3BC97475C849}"
EndProject
Project("{9A19103F-16F7-4668-BE54-9A1E7A4F7556}") = "HijaziLabs.Sports.Model", "HijaziLabs.Sports.Model\HijaziLabs.Sports.Model.csproj", "{DEB3F45A-F3CD-4236-A97A-76C37F053A58}"
EndProject
Project("{FAE04EC0-301F-11D3-BF4B-00C04F79EFBC}") = "HijaziLabs.Basketball2.Interfaces", "HijaziLabs.Basketball2.Interfaces\HijaziLabs.Basketball2.Interfaces.csproj", "{DC2BF17B-91CA-43C2-B32B-7E2BE1F7478C}"
EndProject
Project("{FAE04EC0-301F-11D3-BF4B-00C04F79EFBC}") = "HijaziLabs.Basketball2.StaticServices", "HijaziLabs.Basketball2.StaticServices\HijaziLabs.Basketball2.StaticServices.csproj", "{2BFAA565-8303-4435-A00A-9996D96AD555}"
EndProject
Project("{FAE04EC0-301F-11D3-BF4B-00C04F79EFBC}") = "HijaziLabs.Basketball2.DBServices", "HijaziLabs.Basketball2.DBServices\HijaziLabs.Basketball2.DBServices.csproj", "{39E5FA0D-CACC-4517-9267-2A99506F5FA6}"
EndProject
Global
	GlobalSection(SolutionConfigurationPlatforms) = preSolution
		Debug|Any CPU = Debug|Any CPU
		Release|Any CPU = Release|Any CPU
	EndGlobalSection
	GlobalSection(ProjectConfigurationPlatforms) = postSolution
		{81562205-97B6-4AC6-B544-3BC97475C849}.Debug|Any CPU.ActiveCfg = Debug|Any CPU
		{81562205-97B6-4AC6-B544-3BC97475C849}.Debug|Any CPU.Build.0 = Debug|Any CPU
		{81562205-97B6-4AC6-B544-3BC97475C849}.Release|Any CPU.ActiveCfg = Release|Any CPU
		{81562205-97B6-4AC6-B544-3BC97475C849}.Release|Any CPU.Build.0 = Release|Any CPU
		{DEB3F45A-F3CD-4236-A97A-76C37F053A58}.Debug|Any CPU.ActiveCfg = Debug|Any CPU
		{DEB3F45A-F3CD-4236-A97A-76C37F053A58}.Debug|Any CPU.Build.0 = Debug|Any CPU
		{DEB3F45A-F3CD-4236-A97A-76C37F053A58}.Release|Any CPU.ActiveCfg = Release|Any CPU
		{DEB3F45A-F3CD-4236-A97A-76C37F053A58}.Release|Any CPU.Build.0 = Release|Any CPU
		{DC2BF17B-91CA-43C2-B32B-7E2BE1F7478C}.Debug|Any CPU.ActiveCfg = Debug|Any CPU
		{DC2BF17B-91CA-43C2-B32B-7E2BE1F7478C}.Debug|Any CPU.Build.0 = Debug|Any CPU
		{DC2BF17B-91CA-43C2-B32B-7E2BE1F7478C}.Release|Any CPU.ActiveCfg = Release|Any CPU
		{DC2BF17B-91CA-43C2-B32B-7E2BE1F7478C}.Release|Any CPU.Build.0 = Release|Any CPU
		{2BFAA565-8303-4435-A00A-9996D96AD555}.Debug|Any CPU.ActiveCfg = Debug|Any CPU
		{2BFAA565-8303-4435-A00A-9996D96AD555}.Debug|Any CPU.Build.0 = Debug|Any CPU
		{2BFAA565-8303-4435-A00A-9996D96AD555}.Release|Any CPU.ActiveCfg = Release|Any CPU
		{2BFAA565-8303-4435-A00A-9996D96AD555}.Release|Any CPU.Build.0 = Release|Any CPU
		{39E5FA0D-CACC-4517-9267-2A99506F5FA6}.Debug|Any CPU.ActiveCfg = Debug|Any CPU
		{39E5FA0D-CACC-4517-9267-2A99506F5FA6}.Debug|Any CPU.Build.0 = Debug|Any CPU
		{39E5FA0D-CACC-4517-9267-2A99506F5FA6}.Release|Any CPU.ActiveCfg = Release|Any CPU
		{39E5FA0D-CACC-4517-9267-2A99506F5FA6}.Release|Any CPU.Build.0 = Release|Any CPU
	EndGlobalSection
	GlobalSection(SolutionProperties) = preSolution
		HideSolutionNode = FALSE
	EndGlobalSection
	GlobalSection(ExtensibilityGlobals) = postSolution
		SolutionGuid = {AC0FD724-E632-4C51-B159-5C79DB671DE3}
	EndGlobalSection
EndGlobal
